{
  "name": "@jibrelcom/router",
  "version": "0.0.1",
  "lockfileVersion": 1,
  "requires": true,
  "dependencies": {
    "@types/js-cookie": {
      "version": "2.2.4",
      "resolved": "https://registry.npmjs.org/@types/js-cookie/-/js-cookie-2.2.4.tgz",
      "integrity": "sha512-WTfSE1Eauak/Nrg6cA9FgPTFvVawejsai6zXoq0QYTQ3mxONeRtGhKxa7wMlUzWWmzrmTeV+rwLjHgsCntdrsA==",
      "dev": true
    },
    "@types/lodash": {
      "version": "4.14.149",
      "resolved": "https://registry.npmjs.org/@types/lodash/-/lodash-4.14.149.tgz",
      "integrity": "sha512-ijGqzZt/b7BfzcK9vTrS6MFljQRPn5BFWOx8oE0GYxribu6uV+aA9zZuXI1zc/etK9E8nrgdoF2+LgUw7+9tJQ==",
      "dev": true
    },
    "@types/lodash-es": {
      "version": "4.17.3",
      "resolved": "https://registry.npmjs.org/@types/lodash-es/-/lodash-es-4.17.3.tgz",
      "integrity": "sha512-iHI0i7ZAL1qepz1Y7f3EKg/zUMDwDfTzitx+AlHhJJvXwenP682ZyGbgPSc5Ej3eEAKVbNWKFuwOadCj5vBbYQ==",
      "dev": true,
      "requires": {
        "@types/lodash": "*"
      }
    },
    "js-cookie": {
      "version": "2.2.1",
      "resolved": "https://registry.npmjs.org/js-cookie/-/js-cookie-2.2.1.tgz",
      "integrity": "sha512-HvdH2LzI/EAZcUwA8+0nKNtWHqS+ZmijLA30RwZA0bo7ToCckjK5MkGhjED9KoRcXO6BaGI3I9UIzSA1FKFPOQ=="
    },
    "lodash-es": {
      "version": "4.17.15",
      "resolved": "https://registry.npmjs.org/lodash-es/-/lodash-es-4.17.15.tgz",
      "integrity": "sha512-rlrc3yU3+JNOpZ9zj5pQtxnx2THmvRykwL4Xlxoa8I9lHBlVbbyPhgyPMioxVZ4NqyxaVVtaJnzsyOidQIhyyQ=="
    },
    "path-parser": {
      "version": "4.2.0",
      "resolved": "https://registry.npmjs.org/path-parser/-/path-parser-4.2.0.tgz",
      "integrity": "sha512-MPPZiWTTp2I72VXmGQQfsn2ohrbd9QTbZSLYNS+HXsnQ37VbiLR/szO2R7DHaZA1V1scYxuxgyQerj+6kMTXtA==",
      "requires": {
        "search-params": "2.1.3"
      }
    },
    "route-node": {
      "version": "3.4.2",
      "resolved": "https://registry.npmjs.org/route-node/-/route-node-3.4.2.tgz",
      "integrity": "sha512-MDIllr+xwmzSKQh49Ls1g66LIH9JisXh15WXyu4hAYW95mrTSRWr7bqc23hcrjZpehTmSNOb64ZiHBgsHUArog==",
      "requires": {
        "path-parser": "4.2.0",
        "search-params": "2.1.3"
      }
    },
    "router5": {
      "version": "7.0.2",
      "resolved": "https://registry.npmjs.org/router5/-/router5-7.0.2.tgz",
      "integrity": "sha512-QPTKHjJVn8pozHoPvVREGTogo06M/1dY6UHMMUyoAc7gG3UMx5QBMjyiREnqtac0U0Cp4T5RsZ0bkBXNsSjfYg==",
      "requires": {
        "route-node": "3.4.2",
        "router5-transition-path": "^7.0.1",
        "symbol-observable": "1.2.0"
      }
    },
    "router5-plugin-browser": {
      "version": "7.0.2",
      "resolved": "https://registry.npmjs.org/router5-plugin-browser/-/router5-plugin-browser-7.0.2.tgz",
      "integrity": "sha512-iDrHIDVj6wyvJBKo6fTTkrQor8/vKOXOJQD30HnFcWMHP0Amiu3vzEi6HwM3HjTr5L1AKVzMINBI3fonsdINkw=="
    },
    "router5-transition-path": {
      "version": "7.0.1",
      "resolved": "https://registry.npmjs.org/router5-transition-path/-/router5-transition-path-7.0.1.tgz",
      "integrity": "sha512-ZAiz78ey4T1CDjgFiOUK4fX6AF5ZC8tuw4jCpfsfHWFt5r6URtx/2Sc1ENFPkA6Yrl2crUCGxVWUZCBFwtH9GA=="
    },
    "search-params": {
      "version": "2.1.3",
      "resolved": "https://registry.npmjs.org/search-params/-/search-params-2.1.3.tgz",
      "integrity": "sha512-hHxU9ZGWpZ/lrFBIHndSnQae2in7ra+m+tBSoeAahSWDDgOgpZqs4bfaTZpljgNgAgTbjiQoJtZW6FKSsfEcDA=="
    },
    "symbol-observable": {
      "version": "1.2.0",
      "resolved": "https://registry.npmjs.org/symbol-observable/-/symbol-observable-1.2.0.tgz",
      "integrity": "sha512-e900nM8RRtGhlV36KGEU9k65K3mPb1WV70OdjfxlG2EAuM1noi/E/BaW/uMhL7bPEssK8QV57vN3esixjUvcXQ=="
    }
  }
}
